<?xml version="1.0" encoding="utf-8"?>
<Project ToolsVersion="4.0" xmlns="http://schemas.microsoft.com/developer/msbuild/2003">
  <ItemGroup>
    <ClCompile Include="src\Entity.cpp" />
    <ClCompile Include="src\GameEngine.cpp" />
    <ClCompile Include="src\GLShader.cpp" />
    <ClCompile Include="src\main.cpp" />
    <ClCompile Include="src\Model.cpp" />
    <ClCompile Include="src\PointLight.cpp" />
    <ClCompile Include="src\Renderable.cpp" />
    <ClCompile Include="src\StateManager.cpp" />
    <ClCompile Include="src\stb_image.cpp" />
    <ClCompile Include="src\Material.cpp" />
  </ItemGroup>
  <ItemGroup>
    <ClInclude Include="src\Entity.h" />
    <ClInclude Include="src\GameEngine.h" />
    <ClInclude Include="src\GLShader.h" />
    <ClInclude Include="src\json.hpp" />
    <ClInclude Include="src\Material.h" />
    <ClInclude Include="src\Model.h" />
    <ClInclude Include="src\Renderable.h" />
    <ClInclude Include="src\PointLight.h" />
    <ClInclude Include="src\StateManager.h" />
    <ClInclude Include="src\stb_image.h" />
  </ItemGroup>
  <ItemGroup>
    <None Include="res\shaders\BasicFrag.frag" />
    <None Include="res\shaders\BasicVert.vert" />
    <None Include="res\shaders\HelloWorld.frag" />
    <None Include="res\shaders\HelloWorld.vert" />
  </ItemGroup>
</Project>